
Microsoft Visual Studio Solution File, Format Version 12.00
# Visual Studio Version 16
VisualStudioVersion = 16.0.30611.23
MinimumVisualStudioVersion = 10.0.40219.1
Project("{9A19103F-16F7-4668-BE54-9A1E7A4F7556}") = "Chat.WebUI", "Chat.WebUI\Chat.WebUI.csproj", "{549EA5D4-6A5D-4146-B165-4778751D748E}"
EndProject
Project("{FAE04EC0-301F-11D3-BF4B-00C04F79EFBC}") = "Chat.Core", "Chat.Core\Chat.Core.csproj", "{364435AD-1A5B-4885-A221-76123DB33242}"
EndProject
Project("{FAE04EC0-301F-11D3-BF4B-00C04F79EFBC}") = "Chat.Model", "Chat.Model\Chat.Model.csproj", "{182234DD-EE76-4F7E-B222-D9EEA2CFA1B8}"
EndProject
Global
	GlobalSection(SolutionConfigurationPlatforms) = preSolution
		Debug|Any CPU = Debug|Any CPU
		Release|Any CPU = Release|Any CPU
	EndGlobalSection
	GlobalSection(ProjectConfigurationPlatforms) = postSolution
		{549EA5D4-6A5D-4146-B165-4778751D748E}.Debug|Any CPU.ActiveCfg = Debug|Any CPU
		{549EA5D4-6A5D-4146-B165-4778751D748E}.Debug|Any CPU.Build.0 = Debug|Any CPU
		{549EA5D4-6A5D-4146-B165-4778751D748E}.Release|Any CPU.ActiveCfg = Release|Any CPU
		{549EA5D4-6A5D-4146-B165-4778751D748E}.Release|Any CPU.Build.0 = Release|Any CPU
		{364435AD-1A5B-4885-A221-76123DB33242}.Debug|Any CPU.ActiveCfg = Debug|Any CPU
		{364435AD-1A5B-4885-A221-76123DB33242}.Debug|Any CPU.Build.0 = Debug|Any CPU
		{364435AD-1A5B-4885-A221-76123DB33242}.Release|Any CPU.ActiveCfg = Release|Any CPU
		{364435AD-1A5B-4885-A221-76123DB33242}.Release|Any CPU.Build.0 = Release|Any CPU
		{182234DD-EE76-4F7E-B222-D9EEA2CFA1B8}.Debug|Any CPU.ActiveCfg = Debug|Any CPU
		{182234DD-EE76-4F7E-B222-D9EEA2CFA1B8}.Debug|Any CPU.Build.0 = Debug|Any CPU
		{182234DD-EE76-4F7E-B222-D9EEA2CFA1B8}.Release|Any CPU.ActiveCfg = Release|Any CPU
		{182234DD-EE76-4F7E-B222-D9EEA2CFA1B8}.Release|Any CPU.Build.0 = Release|Any CPU
	EndGlobalSection
	GlobalSection(SolutionProperties) = preSolution
		HideSolutionNode = FALSE
	EndGlobalSection
	GlobalSection(ExtensibilityGlobals) = postSolution
		SolutionGuid = {9B9847A0-E751-478D-B8D8-9258111B2A44}
	EndGlobalSection
EndGlobal
